
Microsoft Visual Studio Solution File, Format Version 12.00
# Visual Studio Version 17
VisualStudioVersion = 17.14.36301.6 d17.14
MinimumVisualStudioVersion = 10.0.40219.1
Project("{FAE04EC0-301F-11D3-BF4B-00C04F79EFBC}") = "2025_MOSZE", "2025_MOSZE.csproj", "{3FC9174B-C759-4E00-8181-65D407774F71}"
EndProject
Global
	GlobalSection(SolutionConfigurationPlatforms) = preSolution
		Debug|Any CPU = Debug|Any CPU
		Release|Any CPU = Release|Any CPU
	EndGlobalSection
	GlobalSection(ProjectConfigurationPlatforms) = postSolution
		{3FC9174B-C759-4E00-8181-65D407774F71}.Debug|Any CPU.ActiveCfg = Debug|Any CPU
		{3FC9174B-C759-4E00-8181-65D407774F71}.Debug|Any CPU.Build.0 = Debug|Any CPU
		{3FC9174B-C759-4E00-8181-65D407774F71}.Release|Any CPU.ActiveCfg = Release|Any CPU
		{3FC9174B-C759-4E00-8181-65D407774F71}.Release|Any CPU.Build.0 = Release|Any CPU
	EndGlobalSection
	GlobalSection(SolutionProperties) = preSolution
		HideSolutionNode = FALSE
	EndGlobalSection
	GlobalSection(ExtensibilityGlobals) = postSolution
		SolutionGuid = {FC938DA6-F363-4261-80E1-302D3E147DDA}
	EndGlobalSection
EndGlobal
